
Microsoft Visual Studio Solution File, Format Version 12.00
# Visual Studio Version 16
VisualStudioVersion = 16.0.29609.76
MinimumVisualStudioVersion = 10.0.40219.1
Project("{FAE04EC0-301F-11D3-BF4B-00C04F79EFBC}") = "Itext7Example", "Itext7Example\Itext7Example.csproj", "{3DE0ADB8-3F9D-4787-BA2D-99795C5549B7}"
EndProject
Global
	GlobalSection(SolutionConfigurationPlatforms) = preSolution
		Debug|Any CPU = Debug|Any CPU
		Release|Any CPU = Release|Any CPU
	EndGlobalSection
	GlobalSection(ProjectConfigurationPlatforms) = postSolution
		{3DE0ADB8-3F9D-4787-BA2D-99795C5549B7}.Debug|Any CPU.ActiveCfg = Debug|Any CPU
		{3DE0ADB8-3F9D-4787-BA2D-99795C5549B7}.Debug|Any CPU.Build.0 = Debug|Any CPU
		{3DE0ADB8-3F9D-4787-BA2D-99795C5549B7}.Release|Any CPU.ActiveCfg = Release|Any CPU
		{3DE0ADB8-3F9D-4787-BA2D-99795C5549B7}.Release|Any CPU.Build.0 = Release|Any CPU
	EndGlobalSection
	GlobalSection(SolutionProperties) = preSolution
		HideSolutionNode = FALSE
	EndGlobalSection
	GlobalSection(ExtensibilityGlobals) = postSolution
		SolutionGuid = {C2D5DAC4-317B-4C2E-8DE4-862314860860}
	EndGlobalSection
EndGlobal
